schema: '2.0'
stages:
  data:
    cmd: python src/pipeline/data_loading.py
    deps:
    - path: config.yaml
      hash: md5
      md5: 61a15d0e96b0e64cf821bca0cd13645c
      size: 446
    - path: src/pipeline/data_loading.py
      hash: md5
      md5: 472abb4fdba4446a967e159a466b6347
      size: 631
    outs:
    - path: artifacts/data
      hash: md5
      md5: d751713988987e9331980363e24189ce.dir
      size: 0
      nfiles: 0
  model:
    cmd: python src/pipeline/model_building.py
    deps:
    - path: config.yaml
      hash: md5
      md5: 61a15d0e96b0e64cf821bca0cd13645c
      size: 446
    - path: src/pipeline/model_building.py
      hash: md5
      md5: c0e22cd3b5fdb199d3ebb2a569f07199
      size: 651
    params:
      params.yaml:
        CLASSES: 4
        IMAGE_SIZE:
        - 224
        - 224
        - 3
        INCLUDE_TOP: false
        LEARNING_RATE: 0.0005
        WEIGHTS: imagenet
    outs:
    - path: artifacts/model
      hash: md5
      md5: b7e7dbab2aa5a3fd40ae4b6692c3d593.dir
      size: 160759712
      nfiles: 2
  training:
    cmd: python src/pipeline/training.py
    deps:
    - path: artifacts/data/Training
      hash: md5
      md5: d751713988987e9331980363e24189ce.dir
      size: 0
      nfiles: 0
    - path: artifacts/model
      hash: md5
      md5: b7e7dbab2aa5a3fd40ae4b6692c3d593.dir
      size: 160759712
      nfiles: 2
    - path: config.yaml
      hash: md5
      md5: 61a15d0e96b0e64cf821bca0cd13645c
      size: 446
    - path: src/components/callbacks.py
      hash: md5
      md5: ed5000ec6f8f02e9a3316af9b2bd4489
      size: 736
    - path: src/pipeline/training.py
      hash: md5
      md5: 4ab192df49d9c8cf8822e52462178934
      size: 1120
    params:
      params.yaml:
        AUGMENTATION: true
        BATCH_SIZE: 32
        EPOCHS: 1
        IMAGE_SIZE:
        - 224
        - 224
        - 3
    outs:
    - path: artifacts/training/model.h5
      hash: md5
      md5: 7769272ba10f9bd0b4d5a74706aa44f8
      size: 161120936
  evaluation:
    cmd: python src/pipeline/evaluation.py
    deps:
    - path: artifacts/data/Testing
      hash: md5
      md5: d751713988987e9331980363e24189ce.dir
      size: 0
      nfiles: 0
    - path: artifacts/training/model.h5
      hash: md5
      md5: 7769272ba10f9bd0b4d5a74706aa44f8
      size: 161120936
    - path: config.yaml
      hash: md5
      md5: 61a15d0e96b0e64cf821bca0cd13645c
      size: 446
    - path: src/pipeline/evaluation.py
      hash: md5
      md5: be5e2ef94c1212ecc9f48b0fa718118e
      size: 640
    params:
      params.yaml:
        BATCH_SIZE: 32
        IMAGE_SIZE:
        - 224
        - 224
        - 3
    outs:
    - path: eval.json
      hash: md5
      md5: bf29ec9a591f7445b2968768b446a767
      size: 71
